github.com/automacon-gromoff/greeting v1.0.0 h1:86YjcX7+eaCkK2TE4rEs03dURlGKt9qyBAf+YEFIR6M=
github.com/automacon-gromoff/greeting v1.0.0/go.mod h1:cWK+kAb1CIfFR0PSSNnqdGDJH42ucvzeYUwj5D1gG9s=
github.com/automacon-gromoff/greeting v1.1.0 h1:n+W5xm6GvjAOw80cSXbcpp0/45M1/lQXQ+dL1YT9ElM=
github.com/automacon-gromoff/greeting v1.1.0/go.mod h1:cWK+kAb1CIfFR0PSSNnqdGDJH42ucvzeYUwj5D1gG9s=
