github.com/automacon-gromoff/formatter v1.0.0 h1:Hzdr4Xbm5mtfd1lBO4GGTS1QvVSTImIRorrfq9kX33w=
github.com/automacon-gromoff/formatter v1.0.0/go.mod h1:qb3kRDt3znR0Vb5WOV/WhjJu1375fOn1XcmAN+5t6QQ=
github.com/automacon-gromoff/formatter v1.1.0 h1:LPHHrO5LZZ7OWxKHnGilYYqQglDKroGKdh4RbkAi6Ok=
github.com/automacon-gromoff/formatter v1.1.0/go.mod h1:qb3kRDt3znR0Vb5WOV/WhjJu1375fOn1XcmAN+5t6QQ=
github.com/automacon-gromoff/formatter/v2 v2.0.0 h1:c+ppf4Hvtk10QfhGdKXlMoPZ1Rq6NLaaGcCfivXKQ3M=
github.com/automacon-gromoff/formatter/v2 v2.0.0/go.mod h1:eZmcgdUS0E5qCXvvhzmoGgVkcDlnJjhGECzHwCuYd44=
github.com/automacon-gromoff/formatter/v2 v2.1.0 h1:bFzwetmcigLrJXpThruztkGdK0w8PVw4A/7jQN+RaSQ=
github.com/automacon-gromoff/formatter/v2 v2.1.0/go.mod h1:eZmcgdUS0E5qCXvvhzmoGgVkcDlnJjhGECzHwCuYd44=
